
Microsoft Visual Studio Solution File, Format Version 12.00
# Visual Studio 2012
Project("{FAE04EC0-301F-11D3-BF4B-00C04F79EFBC}") = "Esercizio_27", "Esercizio_27\Esercizio_27.csproj", "{DFEA25BD-507E-44A1-BB57-5C0A9E4DB514}"
EndProject
Global
	GlobalSection(SolutionConfigurationPlatforms) = preSolution
		Debug|x86 = Debug|x86
		Release|x86 = Release|x86
	EndGlobalSection
	GlobalSection(ProjectConfigurationPlatforms) = postSolution
		{DFEA25BD-507E-44A1-BB57-5C0A9E4DB514}.Debug|x86.ActiveCfg = Debug|x86
		{DFEA25BD-507E-44A1-BB57-5C0A9E4DB514}.Debug|x86.Build.0 = Debug|x86
		{DFEA25BD-507E-44A1-BB57-5C0A9E4DB514}.Release|x86.ActiveCfg = Release|x86
		{DFEA25BD-507E-44A1-BB57-5C0A9E4DB514}.Release|x86.Build.0 = Release|x86
	EndGlobalSection
EndGlobal
