
Microsoft Visual Studio Solution File, Format Version 12.00
# Visual Studio 2012
Project("{FAE04EC0-301F-11D3-BF4B-00C04F79EFBC}") = "Exercise_15", "Exercise_15\Exercise_15.csproj", "{E01909B4-77F6-4080-9185-D7BD05C3BEF5}"
EndProject
Global
	GlobalSection(SolutionConfigurationPlatforms) = preSolution
		Debug|x86 = Debug|x86
		Release|x86 = Release|x86
	EndGlobalSection
	GlobalSection(ProjectConfigurationPlatforms) = postSolution
		{E01909B4-77F6-4080-9185-D7BD05C3BEF5}.Debug|x86.ActiveCfg = Debug|x86
		{E01909B4-77F6-4080-9185-D7BD05C3BEF5}.Debug|x86.Build.0 = Debug|x86
		{E01909B4-77F6-4080-9185-D7BD05C3BEF5}.Release|x86.ActiveCfg = Release|x86
		{E01909B4-77F6-4080-9185-D7BD05C3BEF5}.Release|x86.Build.0 = Release|x86
	EndGlobalSection
EndGlobal
