
Microsoft Visual Studio Solution File, Format Version 12.00
# Visual Studio 2012
Project("{FAE04EC0-301F-11D3-BF4B-00C04F79EFBC}") = "Exercize_15", "Exercize_15\Exercize_15.csproj", "{00AEC078-3531-4899-9BC7-631E1D3439DA}"
EndProject
Global
	GlobalSection(SolutionConfigurationPlatforms) = preSolution
		Debug|x86 = Debug|x86
		Release|x86 = Release|x86
	EndGlobalSection
	GlobalSection(ProjectConfigurationPlatforms) = postSolution
		{00AEC078-3531-4899-9BC7-631E1D3439DA}.Debug|x86.ActiveCfg = Debug|x86
		{00AEC078-3531-4899-9BC7-631E1D3439DA}.Debug|x86.Build.0 = Debug|x86
		{00AEC078-3531-4899-9BC7-631E1D3439DA}.Release|x86.ActiveCfg = Release|x86
		{00AEC078-3531-4899-9BC7-631E1D3439DA}.Release|x86.Build.0 = Release|x86
	EndGlobalSection
EndGlobal
