
Microsoft Visual Studio Solution File, Format Version 12.00
# Visual Studio 2012
Project("{FAE04EC0-301F-11D3-BF4B-00C04F79EFBC}") = "Exercise_19", "Exercise_19\Exercise_19.csproj", "{4977EEBF-3982-4580-9127-882F48B4001A}"
EndProject
Global
	GlobalSection(SolutionConfigurationPlatforms) = preSolution
		Debug|x86 = Debug|x86
		Release|x86 = Release|x86
	EndGlobalSection
	GlobalSection(ProjectConfigurationPlatforms) = postSolution
		{4977EEBF-3982-4580-9127-882F48B4001A}.Debug|x86.ActiveCfg = Debug|x86
		{4977EEBF-3982-4580-9127-882F48B4001A}.Debug|x86.Build.0 = Debug|x86
		{4977EEBF-3982-4580-9127-882F48B4001A}.Release|x86.ActiveCfg = Release|x86
		{4977EEBF-3982-4580-9127-882F48B4001A}.Release|x86.Build.0 = Release|x86
	EndGlobalSection
EndGlobal
