
Microsoft Visual Studio Solution File, Format Version 12.00
# Visual Studio 2012
Project("{FAE04EC0-301F-11D3-BF4B-00C04F79EFBC}") = "Exercise_23", "Exercise_23\Exercise_23.csproj", "{33FE2D53-FEB2-42B6-BFCF-219F1C93BC57}"
EndProject
Global
	GlobalSection(SolutionConfigurationPlatforms) = preSolution
		Debug|x86 = Debug|x86
		Release|x86 = Release|x86
	EndGlobalSection
	GlobalSection(ProjectConfigurationPlatforms) = postSolution
		{33FE2D53-FEB2-42B6-BFCF-219F1C93BC57}.Debug|x86.ActiveCfg = Debug|x86
		{33FE2D53-FEB2-42B6-BFCF-219F1C93BC57}.Debug|x86.Build.0 = Debug|x86
		{33FE2D53-FEB2-42B6-BFCF-219F1C93BC57}.Release|x86.ActiveCfg = Release|x86
		{33FE2D53-FEB2-42B6-BFCF-219F1C93BC57}.Release|x86.Build.0 = Release|x86
	EndGlobalSection
EndGlobal
